
Microsoft Visual Studio Solution File, Format Version 12.00
# Visual Studio Version 16
VisualStudioVersion = 16.0.30114.105
MinimumVisualStudioVersion = 10.0.40219.1
Project("{FAE04EC0-301F-11D3-BF4B-00C04F79EFBC}") = "WebAPI", "WebAPI\WebAPI.csproj", "{842140D8-F371-418D-A0BB-4DF3996D83C1}"
EndProject
Project("{FAE04EC0-301F-11D3-BF4B-00C04F79EFBC}") = "WebAPI.Tests", "WebAPI.Tests\WebAPI.Tests.csproj", "{9A1340AF-790A-44C9-B556-44634DFCDEF1}"
EndProject
Global
	GlobalSection(SolutionConfigurationPlatforms) = preSolution
		Debug|Any CPU = Debug|Any CPU
		Debug|x64 = Debug|x64
		Debug|x86 = Debug|x86
		Release|Any CPU = Release|Any CPU
		Release|x64 = Release|x64
		Release|x86 = Release|x86
	EndGlobalSection
	GlobalSection(SolutionProperties) = preSolution
		HideSolutionNode = FALSE
	EndGlobalSection
	GlobalSection(ProjectConfigurationPlatforms) = postSolution
		{842140D8-F371-418D-A0BB-4DF3996D83C1}.Debug|Any CPU.ActiveCfg = Debug|Any CPU
		{842140D8-F371-418D-A0BB-4DF3996D83C1}.Debug|Any CPU.Build.0 = Debug|Any CPU
		{842140D8-F371-418D-A0BB-4DF3996D83C1}.Debug|x64.ActiveCfg = Debug|Any CPU
		{842140D8-F371-418D-A0BB-4DF3996D83C1}.Debug|x64.Build.0 = Debug|Any CPU
		{842140D8-F371-418D-A0BB-4DF3996D83C1}.Debug|x86.ActiveCfg = Debug|Any CPU
		{842140D8-F371-418D-A0BB-4DF3996D83C1}.Debug|x86.Build.0 = Debug|Any CPU
		{842140D8-F371-418D-A0BB-4DF3996D83C1}.Release|Any CPU.ActiveCfg = Release|Any CPU
		{842140D8-F371-418D-A0BB-4DF3996D83C1}.Release|Any CPU.Build.0 = Release|Any CPU
		{842140D8-F371-418D-A0BB-4DF3996D83C1}.Release|x64.ActiveCfg = Release|Any CPU
		{842140D8-F371-418D-A0BB-4DF3996D83C1}.Release|x64.Build.0 = Release|Any CPU
		{842140D8-F371-418D-A0BB-4DF3996D83C1}.Release|x86.ActiveCfg = Release|Any CPU
		{842140D8-F371-418D-A0BB-4DF3996D83C1}.Release|x86.Build.0 = Release|Any CPU
		{9A1340AF-790A-44C9-B556-44634DFCDEF1}.Debug|Any CPU.ActiveCfg = Debug|Any CPU
		{9A1340AF-790A-44C9-B556-44634DFCDEF1}.Debug|Any CPU.Build.0 = Debug|Any CPU
		{9A1340AF-790A-44C9-B556-44634DFCDEF1}.Debug|x64.ActiveCfg = Debug|Any CPU
		{9A1340AF-790A-44C9-B556-44634DFCDEF1}.Debug|x64.Build.0 = Debug|Any CPU
		{9A1340AF-790A-44C9-B556-44634DFCDEF1}.Debug|x86.ActiveCfg = Debug|Any CPU
		{9A1340AF-790A-44C9-B556-44634DFCDEF1}.Debug|x86.Build.0 = Debug|Any CPU
		{9A1340AF-790A-44C9-B556-44634DFCDEF1}.Release|Any CPU.ActiveCfg = Release|Any CPU
		{9A1340AF-790A-44C9-B556-44634DFCDEF1}.Release|Any CPU.Build.0 = Release|Any CPU
		{9A1340AF-790A-44C9-B556-44634DFCDEF1}.Release|x64.ActiveCfg = Release|Any CPU
		{9A1340AF-790A-44C9-B556-44634DFCDEF1}.Release|x64.Build.0 = Release|Any CPU
		{9A1340AF-790A-44C9-B556-44634DFCDEF1}.Release|x86.ActiveCfg = Release|Any CPU
		{9A1340AF-790A-44C9-B556-44634DFCDEF1}.Release|x86.Build.0 = Release|Any CPU
	EndGlobalSection
EndGlobal
